
Microsoft Visual Studio Solution File, Format Version 12.00
# Visual Studio 15
VisualStudioVersion = 15.0.27703.2000
MinimumVisualStudioVersion = 10.0.40219.1
Project("{FAE04EC0-301F-11D3-BF4B-00C04F79EFBC}") = "BddStyle.NUnit", "BddStyle.NUnit\BddStyle.NUnit.csproj", "{D906A190-4CF5-4C11-AA59-5B8D493BD33E}"
EndProject
Project("{FAE04EC0-301F-11D3-BF4B-00C04F79EFBC}") = "BddStyle.NUnit.Test", "BddStyle.NUnit.Test\BddStyle.NUnit.Test.csproj", "{D351EDA4-B665-4113-ACC8-77E5D0D898E5}"
EndProject
Project("{FAE04EC0-301F-11D3-BF4B-00C04F79EFBC}") = "BddStyle.NUnit.Utilities", "BddStyle.NUnit.Utilities\BddStyle.NUnit.Utilities.csproj", "{4341A370-93D3-4948-802B-C7A5549345C4}"
EndProject
Project("{2150E333-8FDC-42A3-9474-1A3956D46DE8}") = ".misc", ".misc", "{42622096-400F-480B-B4EE-3CB57DEFFA95}"
	ProjectSection(SolutionItems) = preProject
		.gitignore = .gitignore
		appveyor.yml = appveyor.yml
		CHANGELOG.md = CHANGELOG.md
		CONTRIBUTING.md = CONTRIBUTING.md
		LICENSE.md = LICENSE.md
		logo.png = logo.png
		README.md = README.md
	EndProjectSection
EndProject
Global
	GlobalSection(SolutionConfigurationPlatforms) = preSolution
		Debug|Any CPU = Debug|Any CPU
		Debug|Mixed Platforms = Debug|Mixed Platforms
		Debug|x86 = Debug|x86
		Release|Any CPU = Release|Any CPU
		Release|Mixed Platforms = Release|Mixed Platforms
		Release|x86 = Release|x86
	EndGlobalSection
	GlobalSection(ProjectConfigurationPlatforms) = postSolution
		{D906A190-4CF5-4C11-AA59-5B8D493BD33E}.Debug|Any CPU.ActiveCfg = Debug|Any CPU
		{D906A190-4CF5-4C11-AA59-5B8D493BD33E}.Debug|Any CPU.Build.0 = Debug|Any CPU
		{D906A190-4CF5-4C11-AA59-5B8D493BD33E}.Debug|Mixed Platforms.ActiveCfg = Debug|Any CPU
		{D906A190-4CF5-4C11-AA59-5B8D493BD33E}.Debug|Mixed Platforms.Build.0 = Debug|Any CPU
		{D906A190-4CF5-4C11-AA59-5B8D493BD33E}.Debug|x86.ActiveCfg = Debug|Any CPU
		{D906A190-4CF5-4C11-AA59-5B8D493BD33E}.Release|Any CPU.ActiveCfg = Release|Any CPU
		{D906A190-4CF5-4C11-AA59-5B8D493BD33E}.Release|Any CPU.Build.0 = Release|Any CPU
		{D906A190-4CF5-4C11-AA59-5B8D493BD33E}.Release|Mixed Platforms.ActiveCfg = Release|Any CPU
		{D906A190-4CF5-4C11-AA59-5B8D493BD33E}.Release|Mixed Platforms.Build.0 = Release|Any CPU
		{D906A190-4CF5-4C11-AA59-5B8D493BD33E}.Release|x86.ActiveCfg = Release|Any CPU
		{D351EDA4-B665-4113-ACC8-77E5D0D898E5}.Debug|Any CPU.ActiveCfg = Debug|Any CPU
		{D351EDA4-B665-4113-ACC8-77E5D0D898E5}.Debug|Any CPU.Build.0 = Debug|Any CPU
		{D351EDA4-B665-4113-ACC8-77E5D0D898E5}.Debug|Mixed Platforms.ActiveCfg = Debug|Any CPU
		{D351EDA4-B665-4113-ACC8-77E5D0D898E5}.Debug|Mixed Platforms.Build.0 = Debug|Any CPU
		{D351EDA4-B665-4113-ACC8-77E5D0D898E5}.Debug|x86.ActiveCfg = Debug|Any CPU
		{D351EDA4-B665-4113-ACC8-77E5D0D898E5}.Release|Any CPU.ActiveCfg = Release|Any CPU
		{D351EDA4-B665-4113-ACC8-77E5D0D898E5}.Release|Any CPU.Build.0 = Release|Any CPU
		{D351EDA4-B665-4113-ACC8-77E5D0D898E5}.Release|Mixed Platforms.ActiveCfg = Release|Any CPU
		{D351EDA4-B665-4113-ACC8-77E5D0D898E5}.Release|Mixed Platforms.Build.0 = Release|Any CPU
		{D351EDA4-B665-4113-ACC8-77E5D0D898E5}.Release|x86.ActiveCfg = Release|Any CPU
		{4341A370-93D3-4948-802B-C7A5549345C4}.Debug|Any CPU.ActiveCfg = Debug|Any CPU
		{4341A370-93D3-4948-802B-C7A5549345C4}.Debug|Any CPU.Build.0 = Debug|Any CPU
		{4341A370-93D3-4948-802B-C7A5549345C4}.Debug|Mixed Platforms.ActiveCfg = Debug|Any CPU
		{4341A370-93D3-4948-802B-C7A5549345C4}.Debug|Mixed Platforms.Build.0 = Debug|Any CPU
		{4341A370-93D3-4948-802B-C7A5549345C4}.Debug|x86.ActiveCfg = Debug|Any CPU
		{4341A370-93D3-4948-802B-C7A5549345C4}.Debug|x86.Build.0 = Debug|Any CPU
		{4341A370-93D3-4948-802B-C7A5549345C4}.Release|Any CPU.ActiveCfg = Release|Any CPU
		{4341A370-93D3-4948-802B-C7A5549345C4}.Release|Any CPU.Build.0 = Release|Any CPU
		{4341A370-93D3-4948-802B-C7A5549345C4}.Release|Mixed Platforms.ActiveCfg = Release|Any CPU
		{4341A370-93D3-4948-802B-C7A5549345C4}.Release|Mixed Platforms.Build.0 = Release|Any CPU
		{4341A370-93D3-4948-802B-C7A5549345C4}.Release|x86.ActiveCfg = Release|Any CPU
		{4341A370-93D3-4948-802B-C7A5549345C4}.Release|x86.Build.0 = Release|Any CPU
	EndGlobalSection
	GlobalSection(SolutionProperties) = preSolution
		HideSolutionNode = FALSE
	EndGlobalSection
	GlobalSection(ExtensibilityGlobals) = postSolution
		SolutionGuid = {CC9A1A3F-EBCA-4581-8F01-BAEFC7B04000}
	EndGlobalSection
EndGlobal
